
Microsoft Visual Studio Solution File, Format Version 12.00
# Visual Studio 15
VisualStudioVersion = 15.0.27703.2047
MinimumVisualStudioVersion = 10.0.40219.1
Project("{FAE04EC0-301F-11D3-BF4B-00C04F79EFBC}") = "Keeg.SharpCollectionsLib", "src\Keeg.SharpCollectionsLib\Keeg.SharpCollectionsLib.csproj", "{D65D774F-BE2D-4C99-AE47-DD60AC665B47}"
EndProject
Global
	GlobalSection(SolutionConfigurationPlatforms) = preSolution
		Debug|Any CPU = Debug|Any CPU
		Release|Any CPU = Release|Any CPU
	EndGlobalSection
	GlobalSection(ProjectConfigurationPlatforms) = postSolution
		{D65D774F-BE2D-4C99-AE47-DD60AC665B47}.Debug|Any CPU.ActiveCfg = Debug|Any CPU
		{D65D774F-BE2D-4C99-AE47-DD60AC665B47}.Debug|Any CPU.Build.0 = Debug|Any CPU
		{D65D774F-BE2D-4C99-AE47-DD60AC665B47}.Release|Any CPU.ActiveCfg = Release|Any CPU
		{D65D774F-BE2D-4C99-AE47-DD60AC665B47}.Release|Any CPU.Build.0 = Release|Any CPU
	EndGlobalSection
	GlobalSection(SolutionProperties) = preSolution
		HideSolutionNode = FALSE
	EndGlobalSection
	GlobalSection(ExtensibilityGlobals) = postSolution
		SolutionGuid = {E5F1DB78-7EA0-4EDA-B675-C49AC7CD2F36}
	EndGlobalSection
EndGlobal
